// !$*UTF8*$!
{
	archiveVersion = 1;
	classes = {
	};
	objectVersion = 46;
	objects = {

/* Begin PBXBuildFile section */
		19695BF51BD15A58009CED02 /* CardView.m in Sources */ = {isa = PBXBuildFile; fileRef = 19695BF41BD15A58009CED02 /* CardView.m */; };
		19695C011BD216D0009CED02 /* OverView.m in Sources */ = {isa = PBXBuildFile; fileRef = 19695C001BD216D0009CED02 /* OverView.m */; };
		19695C071BD21A60009CED02 /* cards_1@2x.png in Resources */ = {isa = PBXBuildFile; fileRef = 19695C031BD21A60009CED02 /* cards_1@2x.png */; };
		19695C081BD21A60009CED02 /* cards_2@2x.png in Resources */ = {isa = PBXBuildFile; fileRef = 19695C041BD21A60009CED02 /* cards_2@2x.png */; };
		19695C091BD21A60009CED02 /* overlay_like@2x.png in Resources */ = {isa = PBXBuildFile; fileRef = 19695C051BD21A60009CED02 /* overlay_like@2x.png */; };
		19695C0A1BD21A60009CED02 /* overlay_skip@2x.png in Resources */ = {isa = PBXBuildFile; fileRef = 19695C061BD21A60009CED02 /* overlay_skip@2x.png */; };
		19695C101BD225B1009CED02 /* CardCollectionView.m in Sources */ = {isa = PBXBuildFile; fileRef = 19695C0F1BD225B1009CED02 /* CardCollectionView.m */; };
		19695C131BD22884009CED02 /* cards_3@2x.png in Resources */ = {isa = PBXBuildFile; fileRef = 19695C111BD22884009CED02 /* cards_3@2x.png */; };
		19695C141BD22884009CED02 /* cards_4@2x.png in Resources */ = {isa = PBXBuildFile; fileRef = 19695C121BD22884009CED02 /* cards_4@2x.png */; };
		19C578ED1BCF340900828DC0 /* main.m in Sources */ = {isa = PBXBuildFile; fileRef = 19C578EC1BCF340900828DC0 /* main.m */; };
		19C578F01BCF340900828DC0 /* AppDelegate.m in Sources */ = {isa = PBXBuildFile; fileRef = 19C578EF1BCF340900828DC0 /* AppDelegate.m */; };
		19C578F31BCF340900828DC0 /* ViewController.m in Sources */ = {isa = PBXBuildFile; fileRef = 19C578F21BCF340900828DC0 /* ViewController.m */; };
		19C578F61BCF340900828DC0 /* Main.storyboard in Resources */ = {isa = PBXBuildFile; fileRef = 19C578F41BCF340900828DC0 /* Main.storyboard */; };
		19C578F81BCF340A00828DC0 /* Images.xcassets in Resources */ = {isa = PBXBuildFile; fileRef = 19C578F71BCF340A00828DC0 /* Images.xcassets */; };
		19C578FB1BCF340A00828DC0 /* LaunchScreen.xib in Resources */ = {isa = PBXBuildFile; fileRef = 19C578F91BCF340A00828DC0 /* LaunchScreen.xib */; };
		19C579071BCF340A00828DC0 /* CardAnimationDemoTests.m in Sources */ = {isa = PBXBuildFile; fileRef = 19C579061BCF340A00828DC0 /* CardAnimationDemoTests.m */; };
/* End PBXBuildFile section */

/* Begin PBXContainerItemProxy section */
		19C579011BCF340A00828DC0 /* PBXContainerItemProxy */ = {
			isa = PBXContainerItemProxy;
			containerPortal = 19C578DF1BCF340900828DC0 /* Project object */;
			proxyType = 1;
			remoteGlobalIDString = 19C578E61BCF340900828DC0;
			remoteInfo = CardAnimationDemo;
		};
/* End PBXContainerItemProxy section */

/* Begin PBXFileReference section */
		19695BF31BD15A58009CED02 /* CardView.h */ = {isa = PBXFileReference; fileEncoding = 4; lastKnownFileType = sourcecode.c.h; path = CardView.h; sourceTree = "<group>"; };
		19695BF41BD15A58009CED02 /* CardView.m */ = {isa = PBXFileReference; fileEncoding = 4; lastKnownFileType = sourcecode.c.objc; path = CardView.m; sourceTree = "<group>"; };
		19695BFF1BD216D0009CED02 /* OverView.h */ = {isa = PBXFileReference; fileEncoding = 4; lastKnownFileType = sourcecode.c.h; path = OverView.h; sourceTree = "<group>"; };
		19695C001BD216D0009CED02 /* OverView.m */ = {isa = PBXFileReference; fileEncoding = 4; lastKnownFileType = sourcecode.c.objc; path = OverView.m; sourceTree = "<group>"; };
		19695C031BD21A60009CED02 /* cards_1@2x.png */ = {isa = PBXFileReference; lastKnownFileType = image.png; path = "cards_1@2x.png"; sourceTree = "<group>"; };
		19695C041BD21A60009CED02 /* cards_2@2x.png */ = {isa = PBXFileReference; lastKnownFileType = image.png; path = "cards_2@2x.png"; sourceTree = "<group>"; };
		19695C051BD21A60009CED02 /* overlay_like@2x.png */ = {isa = PBXFileReference; lastKnownFileType = image.png; path = "overlay_like@2x.png"; sourceTree = "<group>"; };
		19695C061BD21A60009CED02 /* overlay_skip@2x.png */ = {isa = PBXFileReference; lastKnownFileType = image.png; path = "overlay_skip@2x.png"; sourceTree = "<group>"; };
		19695C0E1BD225B1009CED02 /* CardCollectionView.h */ = {isa = PBXFileReference; fileEncoding = 4; lastKnownFileType = sourcecode.c.h; path = CardCollectionView.h; sourceTree = "<group>"; };
		19695C0F1BD225B1009CED02 /* CardCollectionView.m */ = {isa = PBXFileReference; fileEncoding = 4; lastKnownFileType = sourcecode.c.objc; path = CardCollectionView.m; sourceTree = "<group>"; };
		19695C111BD22884009CED02 /* cards_3@2x.png */ = {isa = PBXFileReference; lastKnownFileType = image.png; path = "cards_3@2x.png"; sourceTree = "<group>"; };
		19695C121BD22884009CED02 /* cards_4@2x.png */ = {isa = PBXFileReference; lastKnownFileType = image.png; path = "cards_4@2x.png"; sourceTree = "<group>"; };
		19C578E71BCF340900828DC0 /* CardAnimationDemo.app */ = {isa = PBXFileReference; explicitFileType = wrapper.application; includeInIndex = 0; path = CardAnimationDemo.app; sourceTree = BUILT_PRODUCTS_DIR; };
		19C578EB1BCF340900828DC0 /* Info.plist */ = {isa = PBXFileReference; lastKnownFileType = text.plist.xml; path = Info.plist; sourceTree = "<group>"; };
		19C578EC1BCF340900828DC0 /* main.m */ = {isa = PBXFileReference; lastKnownFileType = sourcecode.c.objc; path = main.m; sourceTree = "<group>"; };
		19C578EE1BCF340900828DC0 /* AppDelegate.h */ = {isa = PBXFileReference; lastKnownFileType = sourcecode.c.h; path = AppDelegate.h; sourceTree = "<group>"; };
		19C578EF1BCF340900828DC0 /* AppDelegate.m */ = {isa = PBXFileReference; lastKnownFileType = sourcecode.c.objc; path = AppDelegate.m; sourceTree = "<group>"; };
		19C578F11BCF340900828DC0 /* ViewController.h */ = {isa = PBXFileReference; lastKnownFileType = sourcecode.c.h; path = ViewController.h; sourceTree = "<group>"; };
		19C578F21BCF340900828DC0 /* ViewController.m */ = {isa = PBXFileReference; lastKnownFileType = sourcecode.c.objc; path = ViewController.m; sourceTree = "<group>"; };
		19C578F51BCF340900828DC0 /* Base */ = {isa = PBXFileReference; lastKnownFileType = file.storyboard; name = Base; path = Base.lproj/Main.storyboard; sourceTree = "<group>"; };
		19C578F71BCF340A00828DC0 /* Images.xcassets */ = {isa = PBXFileReference; lastKnownFileType = folder.assetcatalog; path = Images.xcassets; sourceTree = "<group>"; };
		19C578FA1BCF340A00828DC0 /* Base */ = {isa = PBXFileReference; lastKnownFileType = file.xib; name = Base; path = Base.lproj/LaunchScreen.xib; sourceTree = "<group>"; };
		19C579001BCF340A00828DC0 /* CardAnimationDemoTests.xctest */ = {isa = PBXFileReference; explicitFileType = wrapper.cfbundle; includeInIndex = 0; path = CardAnimationDemoTests.xctest; sourceTree = BUILT_PRODUCTS_DIR; };
		19C579051BCF340A00828DC0 /* Info.plist */ = {isa = PBXFileReference; lastKnownFileType = text.plist.xml; path = Info.plist; sourceTree = "<group>"; };
		19C579061BCF340A00828DC0 /* CardAnimationDemoTests.m */ = {isa = PBXFileReference; lastKnownFileType = sourcecode.c.objc; path = CardAnimationDemoTests.m; sourceTree = "<group>"; };
/* End PBXFileReference section */

/* Begin PBXFrameworksBuildPhase section */
		19C578E41BCF340900828DC0 /* Frameworks */ = {
			isa = PBXFrameworksBuildPhase;
			buildActionMask = 2147483647;
			files = (
			);
			runOnlyForDeploymentPostprocessing = 0;
		};
		19C578FD1BCF340A00828DC0 /* Frameworks */ = {
			isa = PBXFrameworksBuildPhase;
			buildActionMask = 2147483647;
			files = (
			);
			runOnlyForDeploymentPostprocessing = 0;
		};
/* End PBXFrameworksBuildPhase section */

/* Begin PBXGroup section */
		19695BF21BD15A35009CED02 /* Card */ = {
			isa = PBXGroup;
			children = (
				19695BF31BD15A58009CED02 /* CardView.h */,
				19695BF41BD15A58009CED02 /* CardView.m */,
				19695BFF1BD216D0009CED02 /* OverView.h */,
				19695C001BD216D0009CED02 /* OverView.m */,
				19695C0E1BD225B1009CED02 /* CardCollectionView.h */,
				19695C0F1BD225B1009CED02 /* CardCollectionView.m */,
			);
			path = Card;
			sourceTree = "<group>";
		};
		19695C021BD21A60009CED02 /* Image */ = {
			isa = PBXGroup;
			children = (
				19695C111BD22884009CED02 /* cards_3@2x.png */,
				19695C121BD22884009CED02 /* cards_4@2x.png */,
				19695C031BD21A60009CED02 /* cards_1@2x.png */,
				19695C041BD21A60009CED02 /* cards_2@2x.png */,
				19695C051BD21A60009CED02 /* overlay_like@2x.png */,
				19695C061BD21A60009CED02 /* overlay_skip@2x.png */,
			);
			path = Image;
			sourceTree = "<group>";
		};
		19C578DE1BCF340900828DC0 = {
			isa = PBXGroup;
			children = (
				19C578E91BCF340900828DC0 /* CardAnimationDemo */,
				19C579031BCF340A00828DC0 /* CardAnimationDemoTests */,
				19C578E81BCF340900828DC0 /* Products */,
			);
			sourceTree = "<group>";
		};
		19C578E81BCF340900828DC0 /* Products */ = {
			isa = PBXGroup;
			children = (
				19C578E71BCF340900828DC0 /* CardAnimationDemo.app */,
				19C579001BCF340A00828DC0 /* CardAnimationDemoTests.xctest */,
			);
			name = Products;
			sourceTree = "<group>";
		};
		19C578E91BCF340900828DC0 /* CardAnimationDemo */ = {
			isa = PBXGroup;
			children = (
				19695C021BD21A60009CED02 /* Image */,
				19695BF21BD15A35009CED02 /* Card */,
				19C578EE1BCF340900828DC0 /* AppDelegate.h */,
				19C578EF1BCF340900828DC0 /* AppDelegate.m */,
				19C578F11BCF340900828DC0 /* ViewController.h */,
				19C578F21BCF340900828DC0 /* ViewController.m */,
				19C578F41BCF340900828DC0 /* Main.storyboard */,
				19C578F71BCF340A00828DC0 /* Images.xcassets */,
				19C578F91BCF340A00828DC0 /* LaunchScreen.xib */,
				19C578EA1BCF340900828DC0 /* Supporting Files */,
			);
			path = CardAnimationDemo;
			sourceTree = "<group>";
		};
		19C578EA1BCF340900828DC0 /* Supporting Files */ = {
			isa = PBXGroup;
			children = (
				19C578EB1BCF340900828DC0 /* Info.plist */,
				19C578EC1BCF340900828DC0 /* main.m */,
			);
			name = "Supporting Files";
			sourceTree = "<group>";
		};
		19C579031BCF340A00828DC0 /* CardAnimationDemoTests */ = {
			isa = PBXGroup;
			children = (
				19C579061BCF340A00828DC0 /* CardAnimationDemoTests.m */,
				19C579041BCF340A00828DC0 /* Supporting Files */,
			);
			path = CardAnimationDemoTests;
			sourceTree = "<group>";
		};
		19C579041BCF340A00828DC0 /* Supporting Files */ = {
			isa = PBXGroup;
			children = (
				19C579051BCF340A00828DC0 /* Info.plist */,
			);
			name = "Supporting Files";
			sourceTree = "<group>";
		};
/* End PBXGroup section */

/* Begin PBXNativeTarget section */
		19C578E61BCF340900828DC0 /* CardAnimationDemo */ = {
			isa = PBXNativeTarget;
			buildConfigurationList = 19C5790A1BCF340A00828DC0 /* Build configuration list for PBXNativeTarget "CardAnimationDemo" */;
			buildPhases = (
				19C578E31BCF340900828DC0 /* Sources */,
				19C578E41BCF340900828DC0 /* Frameworks */,
				19C578E51BCF340900828DC0 /* Resources */,
			);
			buildRules = (
			);
			dependencies = (
			);
			name = CardAnimationDemo;
			productName = CardAnimationDemo;
			productReference = 19C578E71BCF340900828DC0 /* CardAnimationDemo.app */;
			productType = "com.apple.product-type.application";
		};
		19C578FF1BCF340A00828DC0 /* CardAnimationDemoTests */ = {
			isa = PBXNativeTarget;
			buildConfigurationList = 19C5790D1BCF340A00828DC0 /* Build configuration list for PBXNativeTarget "CardAnimationDemoTests" */;
			buildPhases = (
				19C578FC1BCF340A00828DC0 /* Sources */,
				19C578FD1BCF340A00828DC0 /* Frameworks */,
				19C578FE1BCF340A00828DC0 /* Resources */,
			);
			buildRules = (
			);
			dependencies = (
				19C579021BCF340A00828DC0 /* PBXTargetDependency */,
			);
			name = CardAnimationDemoTests;
			productName = CardAnimationDemoTests;
			productReference = 19C579001BCF340A00828DC0 /* CardAnimationDemoTests.xctest */;
			productType = "com.apple.product-type.bundle.unit-test";
		};
/* End PBXNativeTarget section */

/* Begin PBXProject section */
		19C578DF1BCF340900828DC0 /* Project object */ = {
			isa = PBXProject;
			attributes = {
				LastUpgradeCheck = 0630;
				ORGANIZATIONNAME = guoyan;
				TargetAttributes = {
					19C578E61BCF340900828DC0 = {
						CreatedOnToolsVersion = 6.3;
					};
					19C578FF1BCF340A00828DC0 = {
						CreatedOnToolsVersion = 6.3;
						TestTargetID = 19C578E61BCF340900828DC0;
					};
				};
			};
			buildConfigurationList = 19C578E21BCF340900828DC0 /* Build configuration list for PBXProject "CardAnimationDemo" */;
			compatibilityVersion = "Xcode 3.2";
			developmentRegion = English;
			hasScannedForEncodings = 0;
			knownRegions = (
				en,
				Base,
			);
			mainGroup = 19C578DE1BCF340900828DC0;
			productRefGroup = 19C578E81BCF340900828DC0 /* Products */;
			projectDirPath = "";
			projectRoot = "";
			targets = (
				19C578E61BCF340900828DC0 /* CardAnimationDemo */,
				19C578FF1BCF340A00828DC0 /* CardAnimationDemoTests */,
			);
		};
/* End PBXProject section */

/* Begin PBXResourcesBuildPhase section */
		19C578E51BCF340900828DC0 /* Resources */ = {
			isa = PBXResourcesBuildPhase;
			buildActionMask = 2147483647;
			files = (
				19695C141BD22884009CED02 /* cards_4@2x.png in Resources */,
				19695C091BD21A60009CED02 /* overlay_like@2x.png in Resources */,
				19695C0A1BD21A60009CED02 /* overlay_skip@2x.png in Resources */,
				19695C131BD22884009CED02 /* cards_3@2x.png in Resources */,
				19695C071BD21A60009CED02 /* cards_1@2x.png in Resources */,
				19C578F61BCF340900828DC0 /* Main.storyboard in Resources */,
				19C578FB1BCF340A00828DC0 /* LaunchScreen.xib in Resources */,
				19695C081BD21A60009CED02 /* cards_2@2x.png in Resources */,
				19C578F81BCF340A00828DC0 /* Images.xcassets in Resources */,
			);
			runOnlyForDeploymentPostprocessing = 0;
		};
		19C578FE1BCF340A00828DC0 /* Resources */ = {
			isa = PBXResourcesBuildPhase;
			buildActionMask = 2147483647;
			files = (
			);
			runOnlyForDeploymentPostprocessing = 0;
		};
/* End PBXResourcesBuildPhase section */

/* Begin PBXSourcesBuildPhase section */
		19C578E31BCF340900828DC0 /* Sources */ = {
			isa = PBXSourcesBuildPhase;
			buildActionMask = 2147483647;
			files = (
				19695C101BD225B1009CED02 /* CardCollectionView.m in Sources */,
				19C578F31BCF340900828DC0 /* ViewController.m in Sources */,
				19695C011BD216D0009CED02 /* OverView.m in Sources */,
				19C578F01BCF340900828DC0 /* AppDelegate.m in Sources */,
				19695BF51BD15A58009CED02 /* CardView.m in Sources */,
				19C578ED1BCF340900828DC0 /* main.m in Sources */,
			);
			runOnlyForDeploymentPostprocessing = 0;
		};
		19C578FC1BCF340A00828DC0 /* Sources */ = {
			isa = PBXSourcesBuildPhase;
			buildActionMask = 2147483647;
			files = (
				19C579071BCF340A00828DC0 /* CardAnimationDemoTests.m in Sources */,
			);
			runOnlyForDeploymentPostprocessing = 0;
		};
/* End PBXSourcesBuildPhase section */

/* Begin PBXTargetDependency section */
		19C579021BCF340A00828DC0 /* PBXTargetDependency */ = {
			isa = PBXTargetDependency;
			target = 19C578E61BCF340900828DC0 /* CardAnimationDemo */;
			targetProxy = 19C579011BCF340A00828DC0 /* PBXContainerItemProxy */;
		};
/* End PBXTargetDependency section */

/* Begin PBXVariantGroup section */
		19C578F41BCF340900828DC0 /* Main.storyboard */ = {
			isa = PBXVariantGroup;
			children = (
				19C578F51BCF340900828DC0 /* Base */,
			);
			name = Main.storyboard;
			sourceTree = "<group>";
		};
		19C578F91BCF340A00828DC0 /* LaunchScreen.xib */ = {
			isa = PBXVariantGroup;
			children = (
				19C578FA1BCF340A00828DC0 /* Base */,
			);
			name = LaunchScreen.xib;
			sourceTree = "<group>";
		};
/* End PBXVariantGroup section */

/* Begin XCBuildConfiguration section */
		19C579081BCF340A00828DC0 /* Debug */ = {
			isa = XCBuildConfiguration;
			buildSettings = {
				ALWAYS_SEARCH_USER_PATHS = NO;
				CLANG_CXX_LANGUAGE_STANDARD = "gnu++0x";
				CLANG_CXX_LIBRARY = "libc++";
				CLANG_ENABLE_MODULES = YES;
				CLANG_ENABLE_OBJC_ARC = YES;
				CLANG_WARN_BOOL_CONVERSION = YES;
				CLANG_WARN_CONSTANT_CONVERSION = YES;
				CLANG_WARN_DIRECT_OBJC_ISA_USAGE = YES_ERROR;
				CLANG_WARN_EMPTY_BODY = YES;
				CLANG_WARN_ENUM_CONVERSION = YES;
				CLANG_WARN_INT_CONVERSION = YES;
				CLANG_WARN_OBJC_ROOT_CLASS = YES_ERROR;
				CLANG_WARN_UNREACHABLE_CODE = YES;
				CLANG_WARN__DUPLICATE_METHOD_MATCH = YES;
				"CODE_SIGN_IDENTITY[sdk=iphoneos*]" = "iPhone Developer";
				COPY_PHASE_STRIP = NO;
				DEBUG_INFORMATION_FORMAT = "dwarf-with-dsym";
				ENABLE_STRICT_OBJC_MSGSEND = YES;
				GCC_C_LANGUAGE_STANDARD = gnu99;
				GCC_DYNAMIC_NO_PIC = NO;
				GCC_NO_COMMON_BLOCKS = YES;
				GCC_OPTIMIZATION_LEVEL = 0;
				GCC_PREPROCESSOR_DEFINITIONS = (
					"DEBUG=1",
					"$(inherited)",
				);
				GCC_SYMBOLS_PRIVATE_EXTERN = NO;
				GCC_WARN_64_TO_32_BIT_CONVERSION = YES;
				GCC_WARN_ABOUT_RETURN_TYPE = YES_ERROR;
				GCC_WARN_UNDECLARED_SELECTOR = YES;
				GCC_WARN_UNINITIALIZED_AUTOS = YES_AGGRESSIVE;
				GCC_WARN_UNUSED_FUNCTION = YES;
				GCC_WARN_UNUSED_VARIABLE = YES;
				IPHONEOS_DEPLOYMENT_TARGET = 8.3;
				MTL_ENABLE_DEBUG_INFO = YES;
				ONLY_ACTIVE_ARCH = YES;
				SDKROOT = iphoneos;
				TARGETED_DEVICE_FAMILY = "1,2";
			};
			name = Debug;
		};
		19C579091BCF340A00828DC0 /* Release */ = {
			isa = XCBuildConfiguration;
			buildSettings = {
				ALWAYS_SEARCH_USER_PATHS = NO;
				CLANG_CXX_LANGUAGE_STANDARD = "gnu++0x";
				CLANG_CXX_LIBRARY = "libc++";
				CLANG_ENABLE_MODULES = YES;
				CLANG_ENABLE_OBJC_ARC = YES;
				CLANG_WARN_BOOL_CONVERSION = YES;
				CLANG_WARN_CONSTANT_CONVERSION = YES;
				CLANG_WARN_DIRECT_OBJC_ISA_USAGE = YES_ERROR;
				CLANG_WARN_EMPTY_BODY = YES;
				CLANG_WARN_ENUM_CONVERSION = YES;
				CLANG_WARN_INT_CONVERSION = YES;
				CLANG_WARN_OBJC_ROOT_CLASS = YES_ERROR;
				CLANG_WARN_UNREACHABLE_CODE = YES;
				CLANG_WARN__DUPLICATE_METHOD_MATCH = YES;
				"CODE_SIGN_IDENTITY[sdk=iphoneos*]" = "iPhone Developer";
				COPY_PHASE_STRIP = NO;
				DEBUG_INFORMATION_FORMAT = "dwarf-with-dsym";
				ENABLE_NS_ASSERTIONS = NO;
				ENABLE_STRICT_OBJC_MSGSEND = YES;
				GCC_C_LANGUAGE_STANDARD = gnu99;
				GCC_NO_COMMON_BLOCKS = YES;
				GCC_WARN_64_TO_32_BIT_CONVERSION = YES;
				GCC_WARN_ABOUT_RETURN_TYPE = YES_ERROR;
				GCC_WARN_UNDECLARED_SELECTOR = YES;
				GCC_WARN_UNINITIALIZED_AUTOS = YES_AGGRESSIVE;
				GCC_WARN_UNUSED_FUNCTION = YES;
				GCC_WARN_UNUSED_VARIABLE = YES;
				IPHONEOS_DEPLOYMENT_TARGET = 8.3;
				MTL_ENABLE_DEBUG_INFO = NO;
				SDKROOT = iphoneos;
				TARGETED_DEVICE_FAMILY = "1,2";
				VALIDATE_PRODUCT = YES;
			};
			name = Release;
		};
		19C5790B1BCF340A00828DC0 /* Debug */ = {
			isa = XCBuildConfiguration;
			buildSettings = {
				ASSETCATALOG_COMPILER_APPICON_NAME = AppIcon;
				INFOPLIST_FILE = CardAnimationDemo/Info.plist;
				LD_RUNPATH_SEARCH_PATHS = "$(inherited) @executable_path/Frameworks";
				PRODUCT_NAME = "$(TARGET_NAME)";
			};
			name = Debug;
		};
		19C5790C1BCF340A00828DC0 /* Release */ = {
			isa = XCBuildConfiguration;
			buildSettings = {
				ASSETCATALOG_COMPILER_APPICON_NAME = AppIcon;
				INFOPLIST_FILE = CardAnimationDemo/Info.plist;
				LD_RUNPATH_SEARCH_PATHS = "$(inherited) @executable_path/Frameworks";
				PRODUCT_NAME = "$(TARGET_NAME)";
			};
			name = Release;
		};
		19C5790E1BCF340A00828DC0 /* Debug */ = {
			isa = XCBuildConfiguration;
			buildSettings = {
				BUNDLE_LOADER = "$(TEST_HOST)";
				FRAMEWORK_SEARCH_PATHS = (
					"$(SDKROOT)/Developer/Library/Frameworks",
					"$(inherited)",
				);
				GCC_PREPROCESSOR_DEFINITIONS = (
					"DEBUG=1",
					"$(inherited)",
				);
				INFOPLIST_FILE = CardAnimationDemoTests/Info.plist;
				LD_RUNPATH_SEARCH_PATHS = "$(inherited) @executable_path/Frameworks @loader_path/Frameworks";
				PRODUCT_NAME = "$(TARGET_NAME)";
				TEST_HOST = "$(BUILT_PRODUCTS_DIR)/CardAnimationDemo.app/CardAnimationDemo";
			};
			name = Debug;
		};
		19C5790F1BCF340A00828DC0 /* Release */ = {
			isa = XCBuildConfiguration;
			buildSettings = {
				BUNDLE_LOADER = "$(TEST_HOST)";
				FRAMEWORK_SEARCH_PATHS = (
					"$(SDKROOT)/Developer/Library/Frameworks",
					"$(inherited)",
				);
				INFOPLIST_FILE = CardAnimationDemoTests/Info.plist;
				LD_RUNPATH_SEARCH_PATHS = "$(inherited) @executable_path/Frameworks @loader_path/Frameworks";
				PRODUCT_NAME = "$(TARGET_NAME)";
				TEST_HOST = "$(BUILT_PRODUCTS_DIR)/CardAnimationDemo.app/CardAnimationDemo";
			};
			name = Release;
		};
/* End XCBuildConfiguration section */

/* Begin XCConfigurationList section */
		19C578E21BCF340900828DC0 /* Build configuration list for PBXProject "CardAnimationDemo" */ = {
			isa = XCConfigurationList;
			buildConfigurations = (
				19C579081BCF340A00828DC0 /* Debug */,
				19C579091BCF340A00828DC0 /* Release */,
			);
			defaultConfigurationIsVisible = 0;
			defaultConfigurationName = Release;
		};
		19C5790A1BCF340A00828DC0 /* Build configuration list for PBXNativeTarget "CardAnimationDemo" */ = {
			isa = XCConfigurationList;
			buildConfigurations = (
				19C5790B1BCF340A00828DC0 /* Debug */,
				19C5790C1BCF340A00828DC0 /* Release */,
			);
			defaultConfigurationIsVisible = 0;
			defaultConfigurationName = Release;
		};
		19C5790D1BCF340A00828DC0 /* Build configuration list for PBXNativeTarget "CardAnimationDemoTests" */ = {
			isa = XCConfigurationList;
			buildConfigurations = (
				19C5790E1BCF340A00828DC0 /* Debug */,
				19C5790F1BCF340A00828DC0 /* Release */,
			);
			defaultConfigurationIsVisible = 0;
			defaultConfigurationName = Release;
		};
/* End XCConfigurationList section */
	};
	rootObject = 19C578DF1BCF340900828DC0 /* Project object */;
}
